
Microsoft Visual Studio Solution File, Format Version 12.00
# Visual Studio Version 16
VisualStudioVersion = 16.0.31321.278
MinimumVisualStudioVersion = 10.0.40219.1
Project("{FAE04EC0-301F-11D3-BF4B-00C04F79EFBC}") = "LearningGame", "LearningGame.csproj", "{42B8EF8F-0CB0-432F-8990-129E2F9867AD}"
EndProject
Global
	GlobalSection(SolutionConfigurationPlatforms) = preSolution
		Debug|Any CPU = Debug|Any CPU
		Release|Any CPU = Release|Any CPU
	EndGlobalSection
	GlobalSection(ProjectConfigurationPlatforms) = postSolution
		{42B8EF8F-0CB0-432F-8990-129E2F9867AD}.Debug|Any CPU.ActiveCfg = Debug|Any CPU
		{42B8EF8F-0CB0-432F-8990-129E2F9867AD}.Debug|Any CPU.Build.0 = Debug|Any CPU
		{42B8EF8F-0CB0-432F-8990-129E2F9867AD}.Release|Any CPU.ActiveCfg = Release|Any CPU
		{42B8EF8F-0CB0-432F-8990-129E2F9867AD}.Release|Any CPU.Build.0 = Release|Any CPU
	EndGlobalSection
	GlobalSection(SolutionProperties) = preSolution
		HideSolutionNode = FALSE
	EndGlobalSection
	GlobalSection(ExtensibilityGlobals) = postSolution
		SolutionGuid = {12EEC162-54E7-42EC-A4E2-480A631E9EC4}
	EndGlobalSection
EndGlobal
